<?xml version="1.0" encoding="utf-8"?>
<Project ToolsVersion="4.0" xmlns="http://schemas.microsoft.com/developer/msbuild/2003">
  <ItemGroup>
    <Filter Include="Source Files">
      <UniqueIdentifier>{4FC737F1-C7A5-4376-A066-2A32D752A2FF}</UniqueIdentifier>
      <Extensions>cpp;c;cc;cxx;def;odl;idl;hpj;bat;asm;asmx</Extensions>
    </Filter>
    <Filter Include="Header Files">
      <UniqueIdentifier>{93995380-89BD-4b04-88EB-625FBE52EBFB}</UniqueIdentifier>
      <Extensions>h;hpp;hxx;hm;inl;inc;xsd</Extensions>
    </Filter>
    <Filter Include="Header Files\EasyHook">
      <UniqueIdentifier>{fd250260-28cf-4c30-a742-f0bc875683f2}</UniqueIdentifier>
    </Filter>
    <Filter Include="Header Files\FreeImage">
      <UniqueIdentifier>{5649bfcb-f4f6-4fb2-ae3b-a7965a78a5ba}</UniqueIdentifier>
    </Filter>
    <Filter Include="Resource Files">
      <UniqueIdentifier>{67DA6AB6-F800-4c08-8B7A-83BB121AAD01}</UniqueIdentifier>
      <Extensions>rc;ico;cur;bmp;dlg;rc2;rct;bin;rgs;gif;jpg;jpeg;jpe;resx;tiff;tif;png;wav</Extensions>
    </Filter>
  </ItemGroup>
  <ItemGroup>
    <ClCompile Include="dllmain.cpp">
      <Filter>Source Files</Filter>
    </ClCompile>
    <ClCompile Include="dx9hook.cpp">
      <Filter>Source Files</Filter>
    </ClCompile>
    <ClCompile Include="hooking.cpp">
      <Filter>Source Files</Filter>
    </ClCompile>
    <ClCompile Include="ImageServer.cpp">
      <Filter>Source Files</Filter>
    </ClCompile>
    <ClCompile Include="dx10hook.cpp">
      <Filter>Source Files</Filter>
    </ClCompile>
    <ClCompile Include="dx11hook.cpp">
      <Filter>Source Files</Filter>
    </ClCompile>
    <ClCompile Include="simevent.cpp">
      <Filter>Source Files</Filter>
    </ClCompile>
  </ItemGroup>
  <ItemGroup>
    <ClInclude Include="dx9hook.h">
      <Filter>Header Files</Filter>
    </ClInclude>
    <ClInclude Include="hooking.h">
      <Filter>Header Files</Filter>
    </ClInclude>
    <ClInclude Include="easyhook\easyhook.h">
      <Filter>Header Files\EasyHook</Filter>
    </ClInclude>
    <ClInclude Include="freeimage\FreeImage.h">
      <Filter>Header Files\FreeImage</Filter>
    </ClInclude>
    <ClInclude Include="dx10hook.h">
      <Filter>Header Files</Filter>
    </ClInclude>
    <ClInclude Include="dx11hook.h">
      <Filter>Header Files</Filter>
    </ClInclude>
    <ClInclude Include="simevent.h">
      <Filter>Header Files</Filter>
    </ClInclude>
  </ItemGroup>
  <ItemGroup>
    <None Include="ReadMe.txt" />
  </ItemGroup>
</Project>